Microsoft Visual Studio Solution File, Format Version 12.00
# Visual Studio 15
VisualStudioVersion = 15.0.27130.0
MinimumVisualStudioVersion = 10.0.40219.1
Project("{9A19103F-16F7-4668-BE54-9A1E7A4F7556}") = "Faithlife.Tracing", "src\Faithlife.Tracing\Faithlife.Tracing.csproj", "{E1BF8BA1-9E9D-4E27-83FC-777B8D14F806}"
EndProject
Project("{9A19103F-16F7-4668-BE54-9A1E7A4F7556}") = "Faithlife.Tracing.Tests", "tests\Faithlife.Tracing.Tests\Faithlife.Tracing.Tests.csproj", "{DF559AD1-5287-43B1-AB47-61B6F342B0FE}"
EndProject
Project("{2150E333-8FDC-42A3-9474-1A3956D46DE8}") = "Solution Items", "Solution Items", "{028A6C6D-8F8F-4A91-A063-45FFCF892109}"
	ProjectSection(SolutionItems) = preProject
		.editorconfig = .editorconfig
		.gitattributes = .gitattributes
		.gitignore = .gitignore
		.travis.yml = .travis.yml
		appveyor.yml = appveyor.yml
		build.cake = build.cake
		build.ps1 = build.ps1
		CONTRIBUTING.md = CONTRIBUTING.md
		LICENSE = LICENSE
		README.md = README.md
		VersionHistory.md = VersionHistory.md
	EndProjectSection
EndProject
Project("{9A19103F-16F7-4668-BE54-9A1E7A4F7556}") = "Faithlife.Tracing.AspNetMvc", "src\Faithlife.Tracing.AspNetMvc\Faithlife.Tracing.AspNetMvc.csproj", "{EE36AFA3-5BE4-4992-BDC7-E5E703B6A965}"
EndProject
Project("{9A19103F-16F7-4668-BE54-9A1E7A4F7556}") = "Faithlife.Tracing.AspNetWebApi", "src\Faithlife.Tracing.AspNetWebApi\Faithlife.Tracing.AspNetWebApi.csproj", "{16A797A7-A40C-4194-9304-FB92FB19773F}"
EndProject
Project("{9A19103F-16F7-4668-BE54-9A1E7A4F7556}") = "Faithlife.Tracing.Zipkin", "src\Faithlife.Tracing.Zipkin\Faithlife.Tracing.Zipkin.csproj", "{77FE83AE-1EC6-48ED-885A-32F36A5625B1}"
EndProject
Project("{9A19103F-16F7-4668-BE54-9A1E7A4F7556}") = "Faithlife.Tracing.Data", "src\Faithlife.Tracing.Data\Faithlife.Tracing.Data.csproj", "{573121C5-6392-4B66-A120-50EC7C4E2E59}"
EndProject
Project("{9A19103F-16F7-4668-BE54-9A1E7A4F7556}") = "Faithlife.Tracing.Http", "src\Faithlife.Tracing.Http\Faithlife.Tracing.Http.csproj", "{2BD595B2-EC3B-4C2F-9CAA-2FB9E5DA95E3}"
EndProject
Project("{9A19103F-16F7-4668-BE54-9A1E7A4F7556}") = "Faithlife.Tracing.Zipkin.Tests", "tests\Faithlife.Tracing.Zipkin.Tests\Faithlife.Tracing.Zipkin.Tests.csproj", "{6F1D1611-CBBF-4B53-8DB2-1C34EFA0C4F8}"
EndProject
Global
	GlobalSection(SolutionConfigurationPlatforms) = preSolution
		Debug|Any CPU = Debug|Any CPU
		Release|Any CPU = Release|Any CPU
	EndGlobalSection
	GlobalSection(ProjectConfigurationPlatforms) = postSolution
		{E1BF8BA1-9E9D-4E27-83FC-777B8D14F806}.Debug|Any CPU.ActiveCfg = Debug|Any CPU
		{E1BF8BA1-9E9D-4E27-83FC-777B8D14F806}.Debug|Any CPU.Build.0 = Debug|Any CPU
		{E1BF8BA1-9E9D-4E27-83FC-777B8D14F806}.Release|Any CPU.ActiveCfg = Release|Any CPU
		{E1BF8BA1-9E9D-4E27-83FC-777B8D14F806}.Release|Any CPU.Build.0 = Release|Any CPU
		{DF559AD1-5287-43B1-AB47-61B6F342B0FE}.Debug|Any CPU.ActiveCfg = Debug|Any CPU
		{DF559AD1-5287-43B1-AB47-61B6F342B0FE}.Debug|Any CPU.Build.0 = Debug|Any CPU
		{DF559AD1-5287-43B1-AB47-61B6F342B0FE}.Release|Any CPU.ActiveCfg = Release|Any CPU
		{DF559AD1-5287-43B1-AB47-61B6F342B0FE}.Release|Any CPU.Build.0 = Release|Any CPU
		{EE36AFA3-5BE4-4992-BDC7-E5E703B6A965}.Debug|Any CPU.ActiveCfg = Debug|Any CPU
		{EE36AFA3-5BE4-4992-BDC7-E5E703B6A965}.Debug|Any CPU.Build.0 = Debug|Any CPU
		{EE36AFA3-5BE4-4992-BDC7-E5E703B6A965}.Release|Any CPU.ActiveCfg = Release|Any CPU
		{EE36AFA3-5BE4-4992-BDC7-E5E703B6A965}.Release|Any CPU.Build.0 = Release|Any CPU
		{16A797A7-A40C-4194-9304-FB92FB19773F}.Debug|Any CPU.ActiveCfg = Debug|Any CPU
		{16A797A7-A40C-4194-9304-FB92FB19773F}.Debug|Any CPU.Build.0 = Debug|Any CPU
		{16A797A7-A40C-4194-9304-FB92FB19773F}.Release|Any CPU.ActiveCfg = Release|Any CPU
		{16A797A7-A40C-4194-9304-FB92FB19773F}.Release|Any CPU.Build.0 = Release|Any CPU
		{77FE83AE-1EC6-48ED-885A-32F36A5625B1}.Debug|Any CPU.ActiveCfg = Debug|Any CPU
		{77FE83AE-1EC6-48ED-885A-32F36A5625B1}.Debug|Any CPU.Build.0 = Debug|Any CPU
		{77FE83AE-1EC6-48ED-885A-32F36A5625B1}.Release|Any CPU.ActiveCfg = Release|Any CPU
		{77FE83AE-1EC6-48ED-885A-32F36A5625B1}.Release|Any CPU.Build.0 = Release|Any CPU
		{573121C5-6392-4B66-A120-50EC7C4E2E59}.Debug|Any CPU.ActiveCfg = Debug|Any CPU
		{573121C5-6392-4B66-A120-50EC7C4E2E59}.Debug|Any CPU.Build.0 = Debug|Any CPU
		{573121C5-6392-4B66-A120-50EC7C4E2E59}.Release|Any CPU.ActiveCfg = Release|Any CPU
		{573121C5-6392-4B66-A120-50EC7C4E2E59}.Release|Any CPU.Build.0 = Release|Any CPU
		{2BD595B2-EC3B-4C2F-9CAA-2FB9E5DA95E3}.Debug|Any CPU.ActiveCfg = Debug|Any CPU
		{2BD595B2-EC3B-4C2F-9CAA-2FB9E5DA95E3}.Debug|Any CPU.Build.0 = Debug|Any CPU
		{2BD595B2-EC3B-4C2F-9CAA-2FB9E5DA95E3}.Release|Any CPU.ActiveCfg = Release|Any CPU
		{2BD595B2-EC3B-4C2F-9CAA-2FB9E5DA95E3}.Release|Any CPU.Build.0 = Release|Any CPU
		{6F1D1611-CBBF-4B53-8DB2-1C34EFA0C4F8}.Debug|Any CPU.ActiveCfg = Debug|Any CPU
		{6F1D1611-CBBF-4B53-8DB2-1C34EFA0C4F8}.Debug|Any CPU.Build.0 = Debug|Any CPU
		{6F1D1611-CBBF-4B53-8DB2-1C34EFA0C4F8}.Release|Any CPU.ActiveCfg = Release|Any CPU
		{6F1D1611-CBBF-4B53-8DB2-1C34EFA0C4F8}.Release|Any CPU.Build.0 = Release|Any CPU
	EndGlobalSection
	GlobalSection(SolutionProperties) = preSolution
		HideSolutionNode = FALSE
	EndGlobalSection
	GlobalSection(ExtensibilityGlobals) = postSolution
		SolutionGuid = {6D621D28-8AB2-41C2-AA99-AE2225542E17}
	EndGlobalSection
EndGlobal
